
Microsoft Visual Studio Solution File, Format Version 12.00
# Visual Studio 15
VisualStudioVersion = 15.0.26403.7
MinimumVisualStudioVersion = 10.0.40219.1
Project("{FAE04EC0-301F-11D3-BF4B-00C04F79EFBC}") = "ICSharp.Kernel", "src\ICSharp.Kernel\ICSharp.Kernel.csproj", "{1BFF3273-B8EA-4987-A9F9-F39B12D2EB23}"
EndProject
Project("{FAE04EC0-301F-11D3-BF4B-00C04F79EFBC}") = "ICSharp.Console", "src\ICSharp.Console\ICSharp.Console.csproj", "{72DF0BCE-7B91-49E0-A2B7-1229883FBB2B}"
EndProject
Project("{FAE04EC0-301F-11D3-BF4B-00C04F79EFBC}") = "ICSharpKernel.Tests", "ICSharpKernel.Tests\ICSharpKernel.Tests.csproj", "{EB15BB92-ADBB-445F-AFF9-D8F04711C123}"
EndProject
Global
	GlobalSection(SolutionConfigurationPlatforms) = preSolution
		Debug|Any CPU = Debug|Any CPU
		Release|Any CPU = Release|Any CPU
	EndGlobalSection
	GlobalSection(ProjectConfigurationPlatforms) = postSolution
		{1BFF3273-B8EA-4987-A9F9-F39B12D2EB23}.Debug|Any CPU.ActiveCfg = Debug|Any CPU
		{1BFF3273-B8EA-4987-A9F9-F39B12D2EB23}.Debug|Any CPU.Build.0 = Debug|Any CPU
		{1BFF3273-B8EA-4987-A9F9-F39B12D2EB23}.Release|Any CPU.ActiveCfg = Release|Any CPU
		{1BFF3273-B8EA-4987-A9F9-F39B12D2EB23}.Release|Any CPU.Build.0 = Release|Any CPU
		{72DF0BCE-7B91-49E0-A2B7-1229883FBB2B}.Debug|Any CPU.ActiveCfg = Debug|Any CPU
		{72DF0BCE-7B91-49E0-A2B7-1229883FBB2B}.Debug|Any CPU.Build.0 = Debug|Any CPU
		{72DF0BCE-7B91-49E0-A2B7-1229883FBB2B}.Release|Any CPU.ActiveCfg = Release|Any CPU
		{72DF0BCE-7B91-49E0-A2B7-1229883FBB2B}.Release|Any CPU.Build.0 = Release|Any CPU
		{EB15BB92-ADBB-445F-AFF9-D8F04711C123}.Debug|Any CPU.ActiveCfg = Debug|Any CPU
		{EB15BB92-ADBB-445F-AFF9-D8F04711C123}.Debug|Any CPU.Build.0 = Debug|Any CPU
		{EB15BB92-ADBB-445F-AFF9-D8F04711C123}.Release|Any CPU.ActiveCfg = Release|Any CPU
		{EB15BB92-ADBB-445F-AFF9-D8F04711C123}.Release|Any CPU.Build.0 = Release|Any CPU
	EndGlobalSection
	GlobalSection(SolutionProperties) = preSolution
		HideSolutionNode = FALSE
	EndGlobalSection
EndGlobal
